
Microsoft Visual Studio Solution File, Format Version 12.00
# Visual Studio Version 16
VisualStudioVersion = 16.0.30011.22
MinimumVisualStudioVersion = 10.0.40219.1
Project("{FAE04EC0-301F-11D3-BF4B-00C04F79EFBC}") = "launchpad test", "launchpad test\launchpad test.csproj", "{2F019F85-8357-4CED-8023-D0BBBF370A1F}"
EndProject
Project("{FAE04EC0-301F-11D3-BF4B-00C04F79EFBC}") = "YouBeatTypes", "YouBeatTypes\YouBeatTypes.csproj", "{B9DB3148-EC61-4402-9271-564CB0C78C44}"
EndProject
Project("{FAE04EC0-301F-11D3-BF4B-00C04F79EFBC}") = "YouBeatMapper", "YouBeatMapper\YouBeatMapper.csproj", "{67336499-3A38-4D2C-A117-6389EBBF3710}"
EndProject
Project("{FAE04EC0-301F-11D3-BF4B-00C04F79EFBC}") = "YouBeat", "YouBeat\YouBeat.csproj", "{40123E6B-596D-455A-94F6-95757C8E7DE5}"
EndProject
Global
	GlobalSection(SolutionConfigurationPlatforms) = preSolution
		Debug|Any CPU = Debug|Any CPU
		Debug|x86 = Debug|x86
		NuGet|Any CPU = NuGet|Any CPU
		NuGet|x86 = NuGet|x86
		Release|Any CPU = Release|Any CPU
		Release|x86 = Release|x86
	EndGlobalSection
	GlobalSection(ProjectConfigurationPlatforms) = postSolution
		{2F019F85-8357-4CED-8023-D0BBBF370A1F}.Debug|Any CPU.ActiveCfg = Debug|Any CPU
		{2F019F85-8357-4CED-8023-D0BBBF370A1F}.Debug|Any CPU.Build.0 = Debug|Any CPU
		{2F019F85-8357-4CED-8023-D0BBBF370A1F}.Debug|x86.ActiveCfg = Debug|Any CPU
		{2F019F85-8357-4CED-8023-D0BBBF370A1F}.Debug|x86.Build.0 = Debug|Any CPU
		{2F019F85-8357-4CED-8023-D0BBBF370A1F}.NuGet|Any CPU.ActiveCfg = Release|Any CPU
		{2F019F85-8357-4CED-8023-D0BBBF370A1F}.NuGet|Any CPU.Build.0 = Release|Any CPU
		{2F019F85-8357-4CED-8023-D0BBBF370A1F}.NuGet|x86.ActiveCfg = Release|Any CPU
		{2F019F85-8357-4CED-8023-D0BBBF370A1F}.NuGet|x86.Build.0 = Release|Any CPU
		{2F019F85-8357-4CED-8023-D0BBBF370A1F}.Release|Any CPU.ActiveCfg = Release|Any CPU
		{2F019F85-8357-4CED-8023-D0BBBF370A1F}.Release|Any CPU.Build.0 = Release|Any CPU
		{2F019F85-8357-4CED-8023-D0BBBF370A1F}.Release|x86.ActiveCfg = Release|Any CPU
		{2F019F85-8357-4CED-8023-D0BBBF370A1F}.Release|x86.Build.0 = Release|Any CPU
		{B9DB3148-EC61-4402-9271-564CB0C78C44}.Debug|Any CPU.ActiveCfg = Debug|Any CPU
		{B9DB3148-EC61-4402-9271-564CB0C78C44}.Debug|Any CPU.Build.0 = Debug|Any CPU
		{B9DB3148-EC61-4402-9271-564CB0C78C44}.Debug|x86.ActiveCfg = Debug|Any CPU
		{B9DB3148-EC61-4402-9271-564CB0C78C44}.Debug|x86.Build.0 = Debug|Any CPU
		{B9DB3148-EC61-4402-9271-564CB0C78C44}.NuGet|Any CPU.ActiveCfg = Release|Any CPU
		{B9DB3148-EC61-4402-9271-564CB0C78C44}.NuGet|Any CPU.Build.0 = Release|Any CPU
		{B9DB3148-EC61-4402-9271-564CB0C78C44}.NuGet|x86.ActiveCfg = Release|Any CPU
		{B9DB3148-EC61-4402-9271-564CB0C78C44}.NuGet|x86.Build.0 = Release|Any CPU
		{B9DB3148-EC61-4402-9271-564CB0C78C44}.Release|Any CPU.ActiveCfg = Release|Any CPU
		{B9DB3148-EC61-4402-9271-564CB0C78C44}.Release|Any CPU.Build.0 = Release|Any CPU
		{B9DB3148-EC61-4402-9271-564CB0C78C44}.Release|x86.ActiveCfg = Release|Any CPU
		{B9DB3148-EC61-4402-9271-564CB0C78C44}.Release|x86.Build.0 = Release|Any CPU
		{67336499-3A38-4D2C-A117-6389EBBF3710}.Debug|Any CPU.ActiveCfg = Debug|Any CPU
		{67336499-3A38-4D2C-A117-6389EBBF3710}.Debug|Any CPU.Build.0 = Debug|Any CPU
		{67336499-3A38-4D2C-A117-6389EBBF3710}.Debug|x86.ActiveCfg = Debug|Any CPU
		{67336499-3A38-4D2C-A117-6389EBBF3710}.Debug|x86.Build.0 = Debug|Any CPU
		{67336499-3A38-4D2C-A117-6389EBBF3710}.NuGet|Any CPU.ActiveCfg = Release|Any CPU
		{67336499-3A38-4D2C-A117-6389EBBF3710}.NuGet|Any CPU.Build.0 = Release|Any CPU
		{67336499-3A38-4D2C-A117-6389EBBF3710}.NuGet|x86.ActiveCfg = Release|Any CPU
		{67336499-3A38-4D2C-A117-6389EBBF3710}.NuGet|x86.Build.0 = Release|Any CPU
		{67336499-3A38-4D2C-A117-6389EBBF3710}.Release|Any CPU.ActiveCfg = Release|Any CPU
		{67336499-3A38-4D2C-A117-6389EBBF3710}.Release|Any CPU.Build.0 = Release|Any CPU
		{67336499-3A38-4D2C-A117-6389EBBF3710}.Release|x86.ActiveCfg = Release|Any CPU
		{67336499-3A38-4D2C-A117-6389EBBF3710}.Release|x86.Build.0 = Release|Any CPU
		{40123E6B-596D-455A-94F6-95757C8E7DE5}.Debug|Any CPU.ActiveCfg = Debug|Any CPU
		{40123E6B-596D-455A-94F6-95757C8E7DE5}.Debug|Any CPU.Build.0 = Debug|Any CPU
		{40123E6B-596D-455A-94F6-95757C8E7DE5}.Debug|x86.ActiveCfg = Debug|Any CPU
		{40123E6B-596D-455A-94F6-95757C8E7DE5}.Debug|x86.Build.0 = Debug|Any CPU
		{40123E6B-596D-455A-94F6-95757C8E7DE5}.NuGet|Any CPU.ActiveCfg = Release|Any CPU
		{40123E6B-596D-455A-94F6-95757C8E7DE5}.NuGet|Any CPU.Build.0 = Release|Any CPU
		{40123E6B-596D-455A-94F6-95757C8E7DE5}.NuGet|x86.ActiveCfg = Release|Any CPU
		{40123E6B-596D-455A-94F6-95757C8E7DE5}.NuGet|x86.Build.0 = Release|Any CPU
		{40123E6B-596D-455A-94F6-95757C8E7DE5}.Release|Any CPU.ActiveCfg = Release|Any CPU
		{40123E6B-596D-455A-94F6-95757C8E7DE5}.Release|Any CPU.Build.0 = Release|Any CPU
		{40123E6B-596D-455A-94F6-95757C8E7DE5}.Release|x86.ActiveCfg = Release|Any CPU
		{40123E6B-596D-455A-94F6-95757C8E7DE5}.Release|x86.Build.0 = Release|Any CPU
	EndGlobalSection
	GlobalSection(SolutionProperties) = preSolution
		HideSolutionNode = FALSE
	EndGlobalSection
	GlobalSection(ExtensibilityGlobals) = postSolution
		SolutionGuid = {44276DAC-74AA-4CE6-ABC6-7A3FC2FDDDB3}
	EndGlobalSection
EndGlobal
